// !$*UTF8*$!
{
	archiveVersion = 1;
	classes = {
	};
	objectVersion = 56;
	objects = {

/* Begin PBXBuildFile section */
		643470502B7B3C110049D46A /* main.c in Sources */ = {isa = PBXBuildFile; fileRef = 6434704F2B7B3C110049D46A /* main.c */; };
		6434705B2B7B3C520049D46A /* main.c in Sources */ = {isa = PBXBuildFile; fileRef = 6434705A2B7B3C520049D46A /* main.c */; };
		64897B052B75145500F7ACDB /* main.c in Sources */ = {isa = PBXBuildFile; fileRef = 64897B042B75145500F7ACDB /* main.c */; };
/* End PBXBuildFile section */

/* Begin PBXCopyFilesBuildPhase section */
		6434704B2B7B3C110049D46A /* CopyFiles */ = {
			isa = PBXCopyFilesBuildPhase;
			buildActionMask = 2147483647;
			dstPath = /usr/share/man/man1/;
			dstSubfolderSpec = 0;
			files = (
			);
			runOnlyForDeploymentPostprocessing = 1;
		};
		643470562B7B3C520049D46A /* CopyFiles */ = {
			isa = PBXCopyFilesBuildPhase;
			buildActionMask = 2147483647;
			dstPath = /usr/share/man/man1/;
			dstSubfolderSpec = 0;
			files = (
			);
			runOnlyForDeploymentPostprocessing = 1;
		};
		64897AFF2B75145500F7ACDB /* CopyFiles */ = {
			isa = PBXCopyFilesBuildPhase;
			buildActionMask = 2147483647;
			dstPath = /usr/share/man/man1/;
			dstSubfolderSpec = 0;
			files = (
			);
			runOnlyForDeploymentPostprocessing = 1;
		};
/* End PBXCopyFilesBuildPhase section */

/* Begin PBXFileReference section */
		6434704D2B7B3C110049D46A /* first */ = {isa = PBXFileReference; explicitFileType = "compiled.mach-o.executable"; includeInIndex = 0; path = first; sourceTree = BUILT_PRODUCTS_DIR; };
		6434704F2B7B3C110049D46A /* main.c */ = {isa = PBXFileReference; lastKnownFileType = sourcecode.c.c; path = main.c; sourceTree = "<group>"; };
		643470582B7B3C520049D46A /* two_func */ = {isa = PBXFileReference; explicitFileType = "compiled.mach-o.executable"; includeInIndex = 0; path = two_func; sourceTree = BUILT_PRODUCTS_DIR; };
		6434705A2B7B3C520049D46A /* main.c */ = {isa = PBXFileReference; lastKnownFileType = sourcecode.c.c; path = main.c; sourceTree = "<group>"; };
		64897B012B75145500F7ACDB /* Ch02 */ = {isa = PBXFileReference; explicitFileType = "compiled.mach-o.executable"; includeInIndex = 0; path = Ch02; sourceTree = BUILT_PRODUCTS_DIR; };
		64897B042B75145500F7ACDB /* main.c */ = {isa = PBXFileReference; lastKnownFileType = sourcecode.c.c; path = main.c; sourceTree = "<group>"; };
/* End PBXFileReference section */

/* Begin PBXFrameworksBuildPhase section */
		6434704A2B7B3C110049D46A /* Frameworks */ = {
			isa = PBXFrameworksBuildPhase;
			buildActionMask = 2147483647;
			files = (
			);
			runOnlyForDeploymentPostprocessing = 0;
		};
		643470552B7B3C520049D46A /* Frameworks */ = {
			isa = PBXFrameworksBuildPhase;
			buildActionMask = 2147483647;
			files = (
			);
			runOnlyForDeploymentPostprocessing = 0;
		};
		64897AFE2B75145500F7ACDB /* Frameworks */ = {
			isa = PBXFrameworksBuildPhase;
			buildActionMask = 2147483647;
			files = (
			);
			runOnlyForDeploymentPostprocessing = 0;
		};
/* End PBXFrameworksBuildPhase section */

/* Begin PBXGroup section */
		6434704E2B7B3C110049D46A /* first */ = {
			isa = PBXGroup;
			children = (
				6434704F2B7B3C110049D46A /* main.c */,
			);
			path = first;
			sourceTree = "<group>";
		};
		643470592B7B3C520049D46A /* two_func */ = {
			isa = PBXGroup;
			children = (
				6434705A2B7B3C520049D46A /* main.c */,
			);
			path = two_func;
			sourceTree = "<group>";
		};
		64897AF82B75145500F7ACDB = {
			isa = PBXGroup;
			children = (
				64897B032B75145500F7ACDB /* Ch02 */,
				6434704E2B7B3C110049D46A /* first */,
				643470592B7B3C520049D46A /* two_func */,
				64897B022B75145500F7ACDB /* Products */,
			);
			sourceTree = "<group>";
		};
		64897B022B75145500F7ACDB /* Products */ = {
			isa = PBXGroup;
			children = (
				64897B012B75145500F7ACDB /* Ch02 */,
				6434704D2B7B3C110049D46A /* first */,
				643470582B7B3C520049D46A /* two_func */,
			);
			name = Products;
			sourceTree = "<group>";
		};
		64897B032B75145500F7ACDB /* Ch02 */ = {
			isa = PBXGroup;
			children = (
				64897B042B75145500F7ACDB /* main.c */,
			);
			path = Ch02;
			sourceTree = "<group>";
		};
/* End PBXGroup section */

/* Begin PBXNativeTarget section */
		6434704C2B7B3C110049D46A /* first */ = {
			isa = PBXNativeTarget;
			buildConfigurationList = 643470532B7B3C110049D46A /* Build configuration list for PBXNativeTarget "first" */;
			buildPhases = (
				643470492B7B3C110049D46A /* Sources */,
				6434704A2B7B3C110049D46A /* Frameworks */,
				6434704B2B7B3C110049D46A /* CopyFiles */,
			);
			buildRules = (
			);
			dependencies = (
			);
			name = first;
			productName = first;
			productReference = 6434704D2B7B3C110049D46A /* first */;
			productType = "com.apple.product-type.tool";
		};
		643470572B7B3C520049D46A /* two_func */ = {
			isa = PBXNativeTarget;
			buildConfigurationList = 6434705C2B7B3C520049D46A /* Build configuration list for PBXNativeTarget "two_func" */;
			buildPhases = (
				643470542B7B3C520049D46A /* Sources */,
				643470552B7B3C520049D46A /* Frameworks */,
				643470562B7B3C520049D46A /* CopyFiles */,
			);
			buildRules = (
			);
			dependencies = (
			);
			name = two_func;
			productName = two_func;
			productReference = 643470582B7B3C520049D46A /* two_func */;
			productType = "com.apple.product-type.tool";
		};
		64897B002B75145500F7ACDB /* Ch02 */ = {
			isa = PBXNativeTarget;
			buildConfigurationList = 64897B082B75145500F7ACDB /* Build configuration list for PBXNativeTarget "Ch02" */;
			buildPhases = (
				64897AFD2B75145500F7ACDB /* Sources */,
				64897AFE2B75145500F7ACDB /* Frameworks */,
				64897AFF2B75145500F7ACDB /* CopyFiles */,
			);
			buildRules = (
			);
			dependencies = (
			);
			name = Ch02;
			productName = Ch02;
			productReference = 64897B012B75145500F7ACDB /* Ch02 */;
			productType = "com.apple.product-type.tool";
		};
/* End PBXNativeTarget section */

/* Begin PBXProject section */
		64897AF92B75145500F7ACDB /* Project object */ = {
			isa = PBXProject;
			attributes = {
				BuildIndependentTargetsInParallel = 1;
				LastUpgradeCheck = 1520;
				TargetAttributes = {
					6434704C2B7B3C110049D46A = {
						CreatedOnToolsVersion = 15.2;
					};
					643470572B7B3C520049D46A = {
						CreatedOnToolsVersion = 15.2;
					};
					64897B002B75145500F7ACDB = {
						CreatedOnToolsVersion = 15.2;
					};
				};
			};
			buildConfigurationList = 64897AFC2B75145500F7ACDB /* Build configuration list for PBXProject "Ch02" */;
			compatibilityVersion = "Xcode 14.0";
			developmentRegion = en;
			hasScannedForEncodings = 0;
			knownRegions = (
				en,
				Base,
			);
			mainGroup = 64897AF82B75145500F7ACDB;
			productRefGroup = 64897B022B75145500F7ACDB /* Products */;
			projectDirPath = "";
			projectRoot = "";
			targets = (
				64897B002B75145500F7ACDB /* Ch02 */,
				6434704C2B7B3C110049D46A /* first */,
				643470572B7B3C520049D46A /* two_func */,
			);
		};
/* End PBXProject section */

/* Begin PBXSourcesBuildPhase section */
		643470492B7B3C110049D46A /* Sources */ = {
			isa = PBXSourcesBuildPhase;
			buildActionMask = 2147483647;
			files = (
				643470502B7B3C110049D46A /* main.c in Sources */,
			);
			runOnlyForDeploymentPostprocessing = 0;
		};
		643470542B7B3C520049D46A /* Sources */ = {
			isa = PBXSourcesBuildPhase;
			buildActionMask = 2147483647;
			files = (
				6434705B2B7B3C520049D46A /* main.c in Sources */,
			);
			runOnlyForDeploymentPostprocessing = 0;
		};
		64897AFD2B75145500F7ACDB /* Sources */ = {
			isa = PBXSourcesBuildPhase;
			buildActionMask = 2147483647;
			files = (
				64897B052B75145500F7ACDB /* main.c in Sources */,
			);
			runOnlyForDeploymentPostprocessing = 0;
		};
/* End PBXSourcesBuildPhase section */

/* Begin XCBuildConfiguration section */
		643470512B7B3C110049D46A /* Debug */ = {
			isa = XCBuildConfiguration;
			buildSettings = {
				CODE_SIGN_STYLE = Automatic;
				DEVELOPMENT_TEAM = 746X2MK326;
				ENABLE_HARDENED_RUNTIME = YES;
				PRODUCT_NAME = "$(TARGET_NAME)";
			};
			name = Debug;
		};
		643470522B7B3C110049D46A /* Release */ = {
			isa = XCBuildConfiguration;
			buildSettings = {
				CODE_SIGN_STYLE = Automatic;
				DEVELOPMENT_TEAM = 746X2MK326;
				ENABLE_HARDENED_RUNTIME = YES;
				PRODUCT_NAME = "$(TARGET_NAME)";
			};
			name = Release;
		};
		6434705D2B7B3C520049D46A /* Debug */ = {
			isa = XCBuildConfiguration;
			buildSettings = {
				CODE_SIGN_STYLE = Automatic;
				DEVELOPMENT_TEAM = 746X2MK326;
				ENABLE_HARDENED_RUNTIME = YES;
				PRODUCT_NAME = "$(TARGET_NAME)";
			};
			name = Debug;
		};
		6434705E2B7B3C520049D46A /* Release */ = {
			isa = XCBuildConfiguration;
			buildSettings = {
				CODE_SIGN_STYLE = Automatic;
				DEVELOPMENT_TEAM = 746X2MK326;
				ENABLE_HARDENED_RUNTIME = YES;
				PRODUCT_NAME = "$(TARGET_NAME)";
			};
			name = Release;
		};
		64897B062B75145500F7ACDB /* Debug */ = {
			isa = XCBuildConfiguration;
			buildSettings = {
				ALWAYS_SEARCH_USER_PATHS = NO;
				ASSETCATALOG_COMPILER_GENERATE_SWIFT_ASSET_SYMBOL_EXTENSIONS = YES;
				CLANG_ANALYZER_NONNULL = YES;
				CLANG_ANALYZER_NUMBER_OBJECT_CONVERSION = YES_AGGRESSIVE;
				CLANG_CXX_LANGUAGE_STANDARD = "gnu++20";
				CLANG_ENABLE_MODULES = YES;
				CLANG_ENABLE_OBJC_ARC = YES;
				CLANG_ENABLE_OBJC_WEAK = YES;
				CLANG_WARN_BLOCK_CAPTURE_AUTORELEASING = YES;
				CLANG_WARN_BOOL_CONVERSION = YES;
				CLANG_WARN_COMMA = YES;
				CLANG_WARN_CONSTANT_CONVERSION = YES;
				CLANG_WARN_DEPRECATED_OBJC_IMPLEMENTATIONS = YES;
				CLANG_WARN_DIRECT_OBJC_ISA_USAGE = YES_ERROR;
				CLANG_WARN_DOCUMENTATION_COMMENTS = YES;
				CLANG_WARN_EMPTY_BODY = YES;
				CLANG_WARN_ENUM_CONVERSION = YES;
				CLANG_WARN_INFINITE_RECURSION = YES;
				CLANG_WARN_INT_CONVERSION = YES;
				CLANG_WARN_NON_LITERAL_NULL_CONVERSION = YES;
				CLANG_WARN_OBJC_IMPLICIT_RETAIN_SELF = YES;
				CLANG_WARN_OBJC_LITERAL_CONVERSION = YES;
				CLANG_WARN_OBJC_ROOT_CLASS = YES_ERROR;
				CLANG_WARN_QUOTED_INCLUDE_IN_FRAMEWORK_HEADER = YES;
				CLANG_WARN_RANGE_LOOP_ANALYSIS = YES;
				CLANG_WARN_STRICT_PROTOTYPES = YES;
				CLANG_WARN_SUSPICIOUS_MOVE = YES;
				CLANG_WARN_UNGUARDED_AVAILABILITY = YES_AGGRESSIVE;
				CLANG_WARN_UNREACHABLE_CODE = YES;
				CLANG_WARN__DUPLICATE_METHOD_MATCH = YES;
				COPY_PHASE_STRIP = NO;
				DEBUG_INFORMATION_FORMAT = dwarf;
				ENABLE_STRICT_OBJC_MSGSEND = YES;
				ENABLE_TESTABILITY = YES;
				ENABLE_USER_SCRIPT_SANDBOXING = YES;
				GCC_C_LANGUAGE_STANDARD = gnu17;
				GCC_DYNAMIC_NO_PIC = NO;
				GCC_NO_COMMON_BLOCKS = YES;
				GCC_OPTIMIZATION_LEVEL = 0;
				GCC_PREPROCESSOR_DEFINITIONS = (
					"DEBUG=1",
					"$(inherited)",
				);
				GCC_WARN_64_TO_32_BIT_CONVERSION = YES;
				GCC_WARN_ABOUT_RETURN_TYPE = YES_ERROR;
				GCC_WARN_UNDECLARED_SELECTOR = YES;
				GCC_WARN_UNINITIALIZED_AUTOS = YES_AGGRESSIVE;
				GCC_WARN_UNUSED_FUNCTION = YES;
				GCC_WARN_UNUSED_VARIABLE = YES;
				LOCALIZATION_PREFERS_STRING_CATALOGS = YES;
				MACOSX_DEPLOYMENT_TARGET = 14.2;
				MTL_ENABLE_DEBUG_INFO = INCLUDE_SOURCE;
				MTL_FAST_MATH = YES;
				ONLY_ACTIVE_ARCH = YES;
				SDKROOT = macosx;
			};
			name = Debug;
		};
		64897B072B75145500F7ACDB /* Release */ = {
			isa = XCBuildConfiguration;
			buildSettings = {
				ALWAYS_SEARCH_USER_PATHS = NO;
				ASSETCATALOG_COMPILER_GENERATE_SWIFT_ASSET_SYMBOL_EXTENSIONS = YES;
				CLANG_ANALYZER_NONNULL = YES;
				CLANG_ANALYZER_NUMBER_OBJECT_CONVERSION = YES_AGGRESSIVE;
				CLANG_CXX_LANGUAGE_STANDARD = "gnu++20";
				CLANG_ENABLE_MODULES = YES;
				CLANG_ENABLE_OBJC_ARC = YES;
				CLANG_ENABLE_OBJC_WEAK = YES;
				CLANG_WARN_BLOCK_CAPTURE_AUTORELEASING = YES;
				CLANG_WARN_BOOL_CONVERSION = YES;
				CLANG_WARN_COMMA = YES;
				CLANG_WARN_CONSTANT_CONVERSION = YES;
				CLANG_WARN_DEPRECATED_OBJC_IMPLEMENTATIONS = YES;
				CLANG_WARN_DIRECT_OBJC_ISA_USAGE = YES_ERROR;
				CLANG_WARN_DOCUMENTATION_COMMENTS = YES;
				CLANG_WARN_EMPTY_BODY = YES;
				CLANG_WARN_ENUM_CONVERSION = YES;
				CLANG_WARN_INFINITE_RECURSION = YES;
				CLANG_WARN_INT_CONVERSION = YES;
				CLANG_WARN_NON_LITERAL_NULL_CONVERSION = YES;
				CLANG_WARN_OBJC_IMPLICIT_RETAIN_SELF = YES;
				CLANG_WARN_OBJC_LITERAL_CONVERSION = YES;
				CLANG_WARN_OBJC_ROOT_CLASS = YES_ERROR;
				CLANG_WARN_QUOTED_INCLUDE_IN_FRAMEWORK_HEADER = YES;
				CLANG_WARN_RANGE_LOOP_ANALYSIS = YES;
				CLANG_WARN_STRICT_PROTOTYPES = YES;
				CLANG_WARN_SUSPICIOUS_MOVE = YES;
				CLANG_WARN_UNGUARDED_AVAILABILITY = YES_AGGRESSIVE;
				CLANG_WARN_UNREACHABLE_CODE = YES;
				CLANG_WARN__DUPLICATE_METHOD_MATCH = YES;
				COPY_PHASE_STRIP = NO;
				DEBUG_INFORMATION_FORMAT = "dwarf-with-dsym";
				ENABLE_NS_ASSERTIONS = NO;
				ENABLE_STRICT_OBJC_MSGSEND = YES;
				ENABLE_USER_SCRIPT_SANDBOXING = YES;
				GCC_C_LANGUAGE_STANDARD = gnu17;
				GCC_NO_COMMON_BLOCKS = YES;
				GCC_WARN_64_TO_32_BIT_CONVERSION = YES;
				GCC_WARN_ABOUT_RETURN_TYPE = YES_ERROR;
				GCC_WARN_UNDECLARED_SELECTOR = YES;
				GCC_WARN_UNINITIALIZED_AUTOS = YES_AGGRESSIVE;
				GCC_WARN_UNUSED_FUNCTION = YES;
				GCC_WARN_UNUSED_VARIABLE = YES;
				LOCALIZATION_PREFERS_STRING_CATALOGS = YES;
				MACOSX_DEPLOYMENT_TARGET = 14.2;
				MTL_ENABLE_DEBUG_INFO = NO;
				MTL_FAST_MATH = YES;
				SDKROOT = macosx;
			};
			name = Release;
		};
		64897B092B75145500F7ACDB /* Debug */ = {
			isa = XCBuildConfiguration;
			buildSettings = {
				CODE_SIGN_STYLE = Automatic;
				DEVELOPMENT_TEAM = 746X2MK326;
				ENABLE_HARDENED_RUNTIME = YES;
				PRODUCT_NAME = "$(TARGET_NAME)";
			};
			name = Debug;
		};
		64897B0A2B75145500F7ACDB /* Release */ = {
			isa = XCBuildConfiguration;
			buildSettings = {
				CODE_SIGN_STYLE = Automatic;
				DEVELOPMENT_TEAM = 746X2MK326;
				ENABLE_HARDENED_RUNTIME = YES;
				PRODUCT_NAME = "$(TARGET_NAME)";
			};
			name = Release;
		};
/* End XCBuildConfiguration section */

/* Begin XCConfigurationList section */
		643470532B7B3C110049D46A /* Build configuration list for PBXNativeTarget "first" */ = {
			isa = XCConfigurationList;
			buildConfigurations = (
				643470512B7B3C110049D46A /* Debug */,
				643470522B7B3C110049D46A /* Release */,
			);
			defaultConfigurationIsVisible = 0;
			defaultConfigurationName = Release;
		};
		6434705C2B7B3C520049D46A /* Build configuration list for PBXNativeTarget "two_func" */ = {
			isa = XCConfigurationList;
			buildConfigurations = (
				6434705D2B7B3C520049D46A /* Debug */,
				6434705E2B7B3C520049D46A /* Release */,
			);
			defaultConfigurationIsVisible = 0;
			defaultConfigurationName = Release;
		};
		64897AFC2B75145500F7ACDB /* Build configuration list for PBXProject "Ch02" */ = {
			isa = XCConfigurationList;
			buildConfigurations = (
				64897B062B75145500F7ACDB /* Debug */,
				64897B072B75145500F7ACDB /* Release */,
			);
			defaultConfigurationIsVisible = 0;
			defaultConfigurationName = Release;
		};
		64897B082B75145500F7ACDB /* Build configuration list for PBXNativeTarget "Ch02" */ = {
			isa = XCConfigurationList;
			buildConfigurations = (
				64897B092B75145500F7ACDB /* Debug */,
				64897B0A2B75145500F7ACDB /* Release */,
			);
			defaultConfigurationIsVisible = 0;
			defaultConfigurationName = Release;
		};
/* End XCConfigurationList section */
	};
	rootObject = 64897AF92B75145500F7ACDB /* Project object */;
}
